{"is_source_file": false, "format": "", "description": "", "external_files": [], "external_methods": [], "published": [], "classes": [], "methods": [], "calls": [], "search-terms": [], "state": 2, "file_id": 35, "knowledge_revision": 94, "git_revision": "e2df8b2de3e6bd3e3e8a27e8973e79691a6eb0e7", "hash": "e9b4c3b42cef0193b7fddb548d37e652", "format-version": 4, "code-base-name": "default", "filename": "student_registration_frontend_workspace/student_registration_frontend/post_process_status.lock", "revision_history": [{"94": "e2df8b2de3e6bd3e3e8a27e8973e79691a6eb0e7"}]}